
Microsoft Visual Studio Solution File, Format Version 12.00
# Visual Studio Version 16
VisualStudioVersion = 16.0.30709.132
MinimumVisualStudioVersion = 10.0.40219.1
Project("{FAE04EC0-301F-11D3-BF4B-00C04F79EFBC}") = "MVC-APP", "MVC-APP\MVC-APP.csproj", "{E646EE37-C087-4246-89B4-1EC8E18FD265}"
EndProject
Project("{FAE04EC0-301F-11D3-BF4B-00C04F79EFBC}") = "MVC.Data", "MVC.Data\MVC.Data.csproj", "{20E67F53-D479-4FA6-B2C3-E3D3F6938D1B}"
EndProject
Project("{FAE04EC0-301F-11D3-BF4B-00C04F79EFBC}") = "MVC.Models", "MVC.Models\MVC.Models.csproj", "{7C7F471E-0A81-43DE-B681-6DEDFED8B581}"
EndProject
Project("{FAE04EC0-301F-11D3-BF4B-00C04F79EFBC}") = "MVC.Services", "MVC.Services\MVC.Services.csproj", "{94B20CE4-EC8E-4AF9-9EB5-1DA22EE2334E}"
EndProject
Project("{FAE04EC0-301F-11D3-BF4B-00C04F79EFBC}") = "MVC.Contracts", "MVC.Contracts\MVC.Contracts.csproj", "{9413C39F-C05F-478A-9B17-F41F1C23F317}"
EndProject
Global
	GlobalSection(SolutionConfigurationPlatforms) = preSolution
		Debug|Any CPU = Debug|Any CPU
		Release|Any CPU = Release|Any CPU
	EndGlobalSection
	GlobalSection(ProjectConfigurationPlatforms) = postSolution
		{E646EE37-C087-4246-89B4-1EC8E18FD265}.Debug|Any CPU.ActiveCfg = Debug|Any CPU
		{E646EE37-C087-4246-89B4-1EC8E18FD265}.Debug|Any CPU.Build.0 = Debug|Any CPU
		{E646EE37-C087-4246-89B4-1EC8E18FD265}.Release|Any CPU.ActiveCfg = Release|Any CPU
		{E646EE37-C087-4246-89B4-1EC8E18FD265}.Release|Any CPU.Build.0 = Release|Any CPU
		{20E67F53-D479-4FA6-B2C3-E3D3F6938D1B}.Debug|Any CPU.ActiveCfg = Debug|Any CPU
		{20E67F53-D479-4FA6-B2C3-E3D3F6938D1B}.Debug|Any CPU.Build.0 = Debug|Any CPU
		{20E67F53-D479-4FA6-B2C3-E3D3F6938D1B}.Release|Any CPU.ActiveCfg = Release|Any CPU
		{20E67F53-D479-4FA6-B2C3-E3D3F6938D1B}.Release|Any CPU.Build.0 = Release|Any CPU
		{7C7F471E-0A81-43DE-B681-6DEDFED8B581}.Debug|Any CPU.ActiveCfg = Debug|Any CPU
		{7C7F471E-0A81-43DE-B681-6DEDFED8B581}.Debug|Any CPU.Build.0 = Debug|Any CPU
		{7C7F471E-0A81-43DE-B681-6DEDFED8B581}.Release|Any CPU.ActiveCfg = Release|Any CPU
		{7C7F471E-0A81-43DE-B681-6DEDFED8B581}.Release|Any CPU.Build.0 = Release|Any CPU
		{94B20CE4-EC8E-4AF9-9EB5-1DA22EE2334E}.Debug|Any CPU.ActiveCfg = Debug|Any CPU
		{94B20CE4-EC8E-4AF9-9EB5-1DA22EE2334E}.Debug|Any CPU.Build.0 = Debug|Any CPU
		{94B20CE4-EC8E-4AF9-9EB5-1DA22EE2334E}.Release|Any CPU.ActiveCfg = Release|Any CPU
		{94B20CE4-EC8E-4AF9-9EB5-1DA22EE2334E}.Release|Any CPU.Build.0 = Release|Any CPU
		{9413C39F-C05F-478A-9B17-F41F1C23F317}.Debug|Any CPU.ActiveCfg = Debug|Any CPU
		{9413C39F-C05F-478A-9B17-F41F1C23F317}.Debug|Any CPU.Build.0 = Debug|Any CPU
		{9413C39F-C05F-478A-9B17-F41F1C23F317}.Release|Any CPU.ActiveCfg = Release|Any CPU
		{9413C39F-C05F-478A-9B17-F41F1C23F317}.Release|Any CPU.Build.0 = Release|Any CPU
	EndGlobalSection
	GlobalSection(SolutionProperties) = preSolution
		HideSolutionNode = FALSE
	EndGlobalSection
	GlobalSection(ExtensibilityGlobals) = postSolution
		SolutionGuid = {088B76CA-72FF-4B37-86C0-91F5ADD489B1}
	EndGlobalSection
EndGlobal
